{
  "requires": true,
  "lockfileVersion": 1,
  "dependencies": {
    "izimodal": {
      "version": "1.5.1",
      "resolved": "https://registry.npmjs.org/izimodal/-/izimodal-1.5.1.tgz",
      "integrity": "sha512-DqqGUd741tAqJnWZMQRgixlgtSB6tb/HhfddmlsFWE5P7sckF2SmKVyyttpAdBdN5LUzQiF/R/+IjJw0TS5oTA==",
      "requires": {
        "jquery": "2.2.4"
      }
    },
    "jquery": {
      "version": "2.2.4",
      "resolved": "https://registry.npmjs.org/jquery/-/jquery-2.2.4.tgz",
      "integrity": "sha1-LInWiJterFIqfuoywUUhVZxsvwI="
    },
    "vue-js-modal": {
      "version": "1.3.28",
      "resolved": "https://registry.npmjs.org/vue-js-modal/-/vue-js-modal-1.3.28.tgz",
      "integrity": "sha512-ory5ymvMVDnyd/+i+DY4OZN1W8aS4gyPYwU8yvfhTc1sNTNEReBNd94MmBCOjJRihsaEl5daeWTKvsjujnqlsw=="
    }
  }
}
